
Microsoft Visual Studio Solution File, Format Version 10.00
# Visual Studio 2008
Project("{FAE04EC0-301F-11D3-BF4B-00C04F79EFBC}") = "KlimaKonflikt", "KlimaKonflikt\KlimaKonflikt.csproj", "{20E05587-688B-404C-970F-47419F11BFF8}"
EndProject
Project("{FAE04EC0-301F-11D3-BF4B-00C04F79EFBC}") = "GameDev.Core", "GameDev.Core\GameDev.Core.csproj", "{685E36FA-7469-4DCB-B2BB-06D5470D5AD8}"
EndProject
Project("{FAE04EC0-301F-11D3-BF4B-00C04F79EFBC}") = "GameDev.GameBoard", "GameDev.GameBoard\GameDev.GameBoard.csproj", "{FE295AC7-3102-4265-A606-A8784B3D34D0}"
EndProject
Project("{2150E333-8FDC-42A3-9474-1A3956D46DE8}") = "Lib", "Lib", "{E349482B-E282-437B-B610-F4D2B473E6F4}"
	ProjectSection(SolutionItems) = preProject
		Lib\Flowersack.ico = Lib\Flowersack.ico
		Lib\GlobalAssemblyInfo.cs = Lib\GlobalAssemblyInfo.cs
	EndProjectSection
EndProject
Project("{FAE04EC0-301F-11D3-BF4B-00C04F79EFBC}") = "LevelEditor", "LevelEditor\LevelEditor.csproj", "{16421AA7-65E7-40A5-B341-D4B056360C77}"
EndProject
Project("{FAE04EC0-301F-11D3-BF4B-00C04F79EFBC}") = "LevelEditor.Core", "LevelEditor.Core\LevelEditor.Core.csproj", "{D403E181-05AD-41D9-B85B-39D5144840E3}"
EndProject
Project("{54435603-DBB4-11D2-8724-00A0C9A8B90C}") = "LevelEditorSetup", "LevelEditorSetup\LevelEditorSetup.vdproj", "{2E059E0D-5B62-42E5-B332-ADE4D57820AE}"
EndProject
Project("{54435603-DBB4-11D2-8724-00A0C9A8B90C}") = "KlimaKonfliktSetup", "KlimaKonfliktSetup\KlimaKonfliktSetup.vdproj", "{3C322EAC-56EA-4FD0-B92C-761E1AB545A4}"
EndProject
Project("{FAE04EC0-301F-11D3-BF4B-00C04F79EFBC}") = "SceneManagementTest", "SceneManagementTest\SceneManagementTest.csproj", "{32AB5EAF-7324-4ABA-AADA-A3B580F60F9F}"
EndProject
Global
	GlobalSection(SolutionConfigurationPlatforms) = preSolution
		Debug|Any CPU = Debug|Any CPU
		Debug|Mixed Platforms = Debug|Mixed Platforms
		Debug|x86 = Debug|x86
		Release|Any CPU = Release|Any CPU
		Release|Mixed Platforms = Release|Mixed Platforms
		Release|x86 = Release|x86
	EndGlobalSection
	GlobalSection(ProjectConfigurationPlatforms) = postSolution
		{20E05587-688B-404C-970F-47419F11BFF8}.Debug|Any CPU.ActiveCfg = Debug|x86
		{20E05587-688B-404C-970F-47419F11BFF8}.Debug|Mixed Platforms.ActiveCfg = Debug|x86
		{20E05587-688B-404C-970F-47419F11BFF8}.Debug|Mixed Platforms.Build.0 = Debug|x86
		{20E05587-688B-404C-970F-47419F11BFF8}.Debug|x86.ActiveCfg = Debug|x86
		{20E05587-688B-404C-970F-47419F11BFF8}.Debug|x86.Build.0 = Debug|x86
		{20E05587-688B-404C-970F-47419F11BFF8}.Release|Any CPU.ActiveCfg = Release|x86
		{20E05587-688B-404C-970F-47419F11BFF8}.Release|Mixed Platforms.ActiveCfg = Release|x86
		{20E05587-688B-404C-970F-47419F11BFF8}.Release|Mixed Platforms.Build.0 = Release|x86
		{20E05587-688B-404C-970F-47419F11BFF8}.Release|x86.ActiveCfg = Release|x86
		{20E05587-688B-404C-970F-47419F11BFF8}.Release|x86.Build.0 = Release|x86
		{685E36FA-7469-4DCB-B2BB-06D5470D5AD8}.Debug|Any CPU.ActiveCfg = Debug|x86
		{685E36FA-7469-4DCB-B2BB-06D5470D5AD8}.Debug|Mixed Platforms.ActiveCfg = Debug|x86
		{685E36FA-7469-4DCB-B2BB-06D5470D5AD8}.Debug|Mixed Platforms.Build.0 = Debug|x86
		{685E36FA-7469-4DCB-B2BB-06D5470D5AD8}.Debug|x86.ActiveCfg = Debug|x86
		{685E36FA-7469-4DCB-B2BB-06D5470D5AD8}.Debug|x86.Build.0 = Debug|x86
		{685E36FA-7469-4DCB-B2BB-06D5470D5AD8}.Release|Any CPU.ActiveCfg = Release|x86
		{685E36FA-7469-4DCB-B2BB-06D5470D5AD8}.Release|Mixed Platforms.ActiveCfg = Release|x86
		{685E36FA-7469-4DCB-B2BB-06D5470D5AD8}.Release|Mixed Platforms.Build.0 = Release|x86
		{685E36FA-7469-4DCB-B2BB-06D5470D5AD8}.Release|x86.ActiveCfg = Release|x86
		{685E36FA-7469-4DCB-B2BB-06D5470D5AD8}.Release|x86.Build.0 = Release|x86
		{FE295AC7-3102-4265-A606-A8784B3D34D0}.Debug|Any CPU.ActiveCfg = Debug|x86
		{FE295AC7-3102-4265-A606-A8784B3D34D0}.Debug|Mixed Platforms.ActiveCfg = Debug|x86
		{FE295AC7-3102-4265-A606-A8784B3D34D0}.Debug|Mixed Platforms.Build.0 = Debug|x86
		{FE295AC7-3102-4265-A606-A8784B3D34D0}.Debug|x86.ActiveCfg = Debug|x86
		{FE295AC7-3102-4265-A606-A8784B3D34D0}.Debug|x86.Build.0 = Debug|x86
		{FE295AC7-3102-4265-A606-A8784B3D34D0}.Release|Any CPU.ActiveCfg = Release|x86
		{FE295AC7-3102-4265-A606-A8784B3D34D0}.Release|Mixed Platforms.ActiveCfg = Release|x86
		{FE295AC7-3102-4265-A606-A8784B3D34D0}.Release|Mixed Platforms.Build.0 = Release|x86
		{FE295AC7-3102-4265-A606-A8784B3D34D0}.Release|x86.ActiveCfg = Release|x86
		{FE295AC7-3102-4265-A606-A8784B3D34D0}.Release|x86.Build.0 = Release|x86
		{16421AA7-65E7-40A5-B341-D4B056360C77}.Debug|Any CPU.ActiveCfg = Debug|Any CPU
		{16421AA7-65E7-40A5-B341-D4B056360C77}.Debug|Any CPU.Build.0 = Debug|Any CPU
		{16421AA7-65E7-40A5-B341-D4B056360C77}.Debug|Mixed Platforms.ActiveCfg = Debug|Any CPU
		{16421AA7-65E7-40A5-B341-D4B056360C77}.Debug|Mixed Platforms.Build.0 = Debug|Any CPU
		{16421AA7-65E7-40A5-B341-D4B056360C77}.Debug|x86.ActiveCfg = Debug|Any CPU
		{16421AA7-65E7-40A5-B341-D4B056360C77}.Release|Any CPU.ActiveCfg = Release|Any CPU
		{16421AA7-65E7-40A5-B341-D4B056360C77}.Release|Any CPU.Build.0 = Release|Any CPU
		{16421AA7-65E7-40A5-B341-D4B056360C77}.Release|Mixed Platforms.ActiveCfg = Release|Any CPU
		{16421AA7-65E7-40A5-B341-D4B056360C77}.Release|Mixed Platforms.Build.0 = Release|Any CPU
		{16421AA7-65E7-40A5-B341-D4B056360C77}.Release|x86.ActiveCfg = Release|Any CPU
		{D403E181-05AD-41D9-B85B-39D5144840E3}.Debug|Any CPU.ActiveCfg = Debug|Any CPU
		{D403E181-05AD-41D9-B85B-39D5144840E3}.Debug|Any CPU.Build.0 = Debug|Any CPU
		{D403E181-05AD-41D9-B85B-39D5144840E3}.Debug|Mixed Platforms.ActiveCfg = Debug|Any CPU
		{D403E181-05AD-41D9-B85B-39D5144840E3}.Debug|Mixed Platforms.Build.0 = Debug|Any CPU
		{D403E181-05AD-41D9-B85B-39D5144840E3}.Debug|x86.ActiveCfg = Debug|Any CPU
		{D403E181-05AD-41D9-B85B-39D5144840E3}.Release|Any CPU.ActiveCfg = Release|Any CPU
		{D403E181-05AD-41D9-B85B-39D5144840E3}.Release|Any CPU.Build.0 = Release|Any CPU
		{D403E181-05AD-41D9-B85B-39D5144840E3}.Release|Mixed Platforms.ActiveCfg = Release|Any CPU
		{D403E181-05AD-41D9-B85B-39D5144840E3}.Release|Mixed Platforms.Build.0 = Release|Any CPU
		{D403E181-05AD-41D9-B85B-39D5144840E3}.Release|x86.ActiveCfg = Release|Any CPU
		{6DEEE6F3-A628-47E0-ADF5-FF0B9F490993}.Debug|Any CPU.ActiveCfg = Debug|x86
		{6DEEE6F3-A628-47E0-ADF5-FF0B9F490993}.Debug|Mixed Platforms.ActiveCfg = Debug|x86
		{6DEEE6F3-A628-47E0-ADF5-FF0B9F490993}.Debug|x86.ActiveCfg = Debug|x86
		{6DEEE6F3-A628-47E0-ADF5-FF0B9F490993}.Release|Any CPU.ActiveCfg = Release|x86
		{6DEEE6F3-A628-47E0-ADF5-FF0B9F490993}.Release|Mixed Platforms.ActiveCfg = Release|x86
		{6DEEE6F3-A628-47E0-ADF5-FF0B9F490993}.Release|x86.ActiveCfg = Release|x86
		{1CA66F92-9784-43D7-B143-828E829CA062}.Debug|Any CPU.ActiveCfg = Debug|x86
		{1CA66F92-9784-43D7-B143-828E829CA062}.Debug|Mixed Platforms.ActiveCfg = Debug|x86
		{1CA66F92-9784-43D7-B143-828E829CA062}.Debug|x86.ActiveCfg = Debug|x86
		{1CA66F92-9784-43D7-B143-828E829CA062}.Release|Any CPU.ActiveCfg = Release|x86
		{1CA66F92-9784-43D7-B143-828E829CA062}.Release|Mixed Platforms.ActiveCfg = Release|x86
		{1CA66F92-9784-43D7-B143-828E829CA062}.Release|x86.ActiveCfg = Release|x86
		{1F5C7AA3-C90D-48BD-BB43-1579EA65EAC5}.Debug|Any CPU.ActiveCfg = Debug|x86
		{1F5C7AA3-C90D-48BD-BB43-1579EA65EAC5}.Debug|Mixed Platforms.ActiveCfg = Debug|x86
		{1F5C7AA3-C90D-48BD-BB43-1579EA65EAC5}.Debug|x86.ActiveCfg = Debug|x86
		{1F5C7AA3-C90D-48BD-BB43-1579EA65EAC5}.Release|Any CPU.ActiveCfg = Release|x86
		{1F5C7AA3-C90D-48BD-BB43-1579EA65EAC5}.Release|Mixed Platforms.ActiveCfg = Release|x86
		{1F5C7AA3-C90D-48BD-BB43-1579EA65EAC5}.Release|x86.ActiveCfg = Release|x86
		{2E059E0D-5B62-42E5-B332-ADE4D57820AE}.Debug|Any CPU.ActiveCfg = Debug
		{2E059E0D-5B62-42E5-B332-ADE4D57820AE}.Debug|Any CPU.Build.0 = Debug
		{2E059E0D-5B62-42E5-B332-ADE4D57820AE}.Debug|Mixed Platforms.ActiveCfg = Debug
		{2E059E0D-5B62-42E5-B332-ADE4D57820AE}.Debug|Mixed Platforms.Build.0 = Debug
		{2E059E0D-5B62-42E5-B332-ADE4D57820AE}.Debug|x86.ActiveCfg = Debug
		{2E059E0D-5B62-42E5-B332-ADE4D57820AE}.Debug|x86.Build.0 = Debug
		{2E059E0D-5B62-42E5-B332-ADE4D57820AE}.Release|Any CPU.ActiveCfg = Release
		{2E059E0D-5B62-42E5-B332-ADE4D57820AE}.Release|Any CPU.Build.0 = Release
		{2E059E0D-5B62-42E5-B332-ADE4D57820AE}.Release|Mixed Platforms.ActiveCfg = Release
		{2E059E0D-5B62-42E5-B332-ADE4D57820AE}.Release|Mixed Platforms.Build.0 = Release
		{2E059E0D-5B62-42E5-B332-ADE4D57820AE}.Release|x86.ActiveCfg = Release
		{2E059E0D-5B62-42E5-B332-ADE4D57820AE}.Release|x86.Build.0 = Release
		{3C322EAC-56EA-4FD0-B92C-761E1AB545A4}.Debug|Any CPU.ActiveCfg = Debug
		{3C322EAC-56EA-4FD0-B92C-761E1AB545A4}.Debug|Any CPU.Build.0 = Debug
		{3C322EAC-56EA-4FD0-B92C-761E1AB545A4}.Debug|Mixed Platforms.ActiveCfg = Debug
		{3C322EAC-56EA-4FD0-B92C-761E1AB545A4}.Debug|Mixed Platforms.Build.0 = Debug
		{3C322EAC-56EA-4FD0-B92C-761E1AB545A4}.Debug|x86.ActiveCfg = Debug
		{3C322EAC-56EA-4FD0-B92C-761E1AB545A4}.Debug|x86.Build.0 = Debug
		{3C322EAC-56EA-4FD0-B92C-761E1AB545A4}.Release|Any CPU.ActiveCfg = Release
		{3C322EAC-56EA-4FD0-B92C-761E1AB545A4}.Release|Any CPU.Build.0 = Release
		{3C322EAC-56EA-4FD0-B92C-761E1AB545A4}.Release|Mixed Platforms.ActiveCfg = Release
		{3C322EAC-56EA-4FD0-B92C-761E1AB545A4}.Release|Mixed Platforms.Build.0 = Release
		{3C322EAC-56EA-4FD0-B92C-761E1AB545A4}.Release|x86.ActiveCfg = Release
		{3C322EAC-56EA-4FD0-B92C-761E1AB545A4}.Release|x86.Build.0 = Release
		{32AB5EAF-7324-4ABA-AADA-A3B580F60F9F}.Debug|Any CPU.ActiveCfg = Debug|x86
		{32AB5EAF-7324-4ABA-AADA-A3B580F60F9F}.Debug|Mixed Platforms.ActiveCfg = Debug|x86
		{32AB5EAF-7324-4ABA-AADA-A3B580F60F9F}.Debug|Mixed Platforms.Build.0 = Debug|x86
		{32AB5EAF-7324-4ABA-AADA-A3B580F60F9F}.Debug|x86.ActiveCfg = Debug|x86
		{32AB5EAF-7324-4ABA-AADA-A3B580F60F9F}.Debug|x86.Build.0 = Debug|x86
		{32AB5EAF-7324-4ABA-AADA-A3B580F60F9F}.Release|Any CPU.ActiveCfg = Release|x86
		{32AB5EAF-7324-4ABA-AADA-A3B580F60F9F}.Release|Mixed Platforms.ActiveCfg = Release|x86
		{32AB5EAF-7324-4ABA-AADA-A3B580F60F9F}.Release|Mixed Platforms.Build.0 = Release|x86
		{32AB5EAF-7324-4ABA-AADA-A3B580F60F9F}.Release|x86.ActiveCfg = Release|x86
		{32AB5EAF-7324-4ABA-AADA-A3B580F60F9F}.Release|x86.Build.0 = Release|x86
		{49AD8EBF-FCE2-4C3B-80EA-5AA3C5A471F8}.Debug|Any CPU.ActiveCfg = Debug|x86
		{49AD8EBF-FCE2-4C3B-80EA-5AA3C5A471F8}.Debug|Mixed Platforms.ActiveCfg = Debug|x86
		{49AD8EBF-FCE2-4C3B-80EA-5AA3C5A471F8}.Debug|x86.ActiveCfg = Debug|x86
		{49AD8EBF-FCE2-4C3B-80EA-5AA3C5A471F8}.Release|Any CPU.ActiveCfg = Release|x86
		{49AD8EBF-FCE2-4C3B-80EA-5AA3C5A471F8}.Release|Mixed Platforms.ActiveCfg = Release|x86
		{49AD8EBF-FCE2-4C3B-80EA-5AA3C5A471F8}.Release|x86.ActiveCfg = Release|x86
	EndGlobalSection
	GlobalSection(SolutionProperties) = preSolution
		HideSolutionNode = FALSE
	EndGlobalSection
	GlobalSection(ExtensibilityGlobals) = postSolution
		VisualSVNWorkingCopyRoot = .
	EndGlobalSection
	GlobalSection(SubversionScc) = preSolution
		Svn-Managed = True
		Manager = AnkhSVN - Subversion Support for Visual Studio
	EndGlobalSection
EndGlobal
